// !$*UTF8*$!
{
	archiveVersion = 1;
	classes = {
	};
	objectVersion = 55;
	objects = {

/* Begin PBXBuildFile section */
		AA32B06A274ABC9A00824B55 /* StatisticsAPI.swift in Sources */ = {isa = PBXBuildFile; fileRef = AA32B069274ABC9A00824B55 /* StatisticsAPI.swift */; };
		AA32B06C274ABD6600824B55 /* API.swift in Sources */ = {isa = PBXBuildFile; fileRef = AA32B06B274ABD6600824B55 /* API.swift */; };
		AA35633E272DA431006DDA53 /* ProgressView.swift in Sources */ = {isa = PBXBuildFile; fileRef = AA35633D272DA431006DDA53 /* ProgressView.swift */; };
		AA356341272DB04D006DDA53 /* Formatter+Spacer.swift in Sources */ = {isa = PBXBuildFile; fileRef = AA356340272DB04D006DDA53 /* Formatter+Spacer.swift */; };
		AA356343272DB05E006DDA53 /* Numeric+Spacer.swift in Sources */ = {isa = PBXBuildFile; fileRef = AA356342272DB05E006DDA53 /* Numeric+Spacer.swift */; };
		AA356346272DE521006DDA53 /* ShareButton.swift in Sources */ = {isa = PBXBuildFile; fileRef = AA356345272DE521006DDA53 /* ShareButton.swift */; };
		AA356348272DE535006DDA53 /* DetailsButton.swift in Sources */ = {isa = PBXBuildFile; fileRef = AA356347272DE535006DDA53 /* DetailsButton.swift */; };
		AA35634A272EDB6F006DDA53 /* CountryButton.swift in Sources */ = {isa = PBXBuildFile; fileRef = AA356349272EDB6F006DDA53 /* CountryButton.swift */; };
		AA35634C272EFA41006DDA53 /* CityButton.swift in Sources */ = {isa = PBXBuildFile; fileRef = AA35634B272EFA41006DDA53 /* CityButton.swift */; };
		AAA96A5927249D6600560E92 /* AppDelegate.swift in Sources */ = {isa = PBXBuildFile; fileRef = AAA96A5827249D6600560E92 /* AppDelegate.swift */; };
		AAA96A6227249D6E00560E92 /* Assets.xcassets in Resources */ = {isa = PBXBuildFile; fileRef = AAA96A6127249D6E00560E92 /* Assets.xcassets */; };
		AAA96A6F2724A0C900560E92 /* AppCoordinator.swift in Sources */ = {isa = PBXBuildFile; fileRef = AAA96A6E2724A0C900560E92 /* AppCoordinator.swift */; };
		AAA96A7B2725C0B200560E92 /* MainPageVC.swift in Sources */ = {isa = PBXBuildFile; fileRef = AAA96A7A2725C0B200560E92 /* MainPageVC.swift */; };
		AAA96A832725EFA500560E92 /* Coordinator.swift in Sources */ = {isa = PBXBuildFile; fileRef = AAA96A822725EFA500560E92 /* Coordinator.swift */; };
		AAA96A852725F0D400560E92 /* ScreenIdentifier.swift in Sources */ = {isa = PBXBuildFile; fileRef = AAA96A842725F0D400560E92 /* ScreenIdentifier.swift */; };
		AAA96A872725F4CB00560E92 /* TabsCoordinator.swift in Sources */ = {isa = PBXBuildFile; fileRef = AAA96A862725F4CB00560E92 /* TabsCoordinator.swift */; };
		AAA96A8A2725F9D900560E92 /* RouterProtocol.swift in Sources */ = {isa = PBXBuildFile; fileRef = AAA96A892725F9D900560E92 /* RouterProtocol.swift */; };
		AAA96A8C2725FA5800560E92 /* PresentableProtocol.swift in Sources */ = {isa = PBXBuildFile; fileRef = AAA96A8B2725FA5800560E92 /* PresentableProtocol.swift */; };
		AAA96A8E2725FAF200560E92 /* TabsRouter.swift in Sources */ = {isa = PBXBuildFile; fileRef = AAA96A8D2725FAF200560E92 /* TabsRouter.swift */; };
		AAA96A922725FE9000560E92 /* DefaultRouter.swift in Sources */ = {isa = PBXBuildFile; fileRef = AAA96A912725FE9000560E92 /* DefaultRouter.swift */; };
		AAA96A98272BF84500560E92 /* MainPageViewModel.swift in Sources */ = {isa = PBXBuildFile; fileRef = AAA96A97272BF84500560E92 /* MainPageViewModel.swift */; };
		AAA96A9A272C034F00560E92 /* CountryStatisticsCell.swift in Sources */ = {isa = PBXBuildFile; fileRef = AAA96A99272C034E00560E92 /* CountryStatisticsCell.swift */; };
		AAA96A9C272C036C00560E92 /* CityStatisticsCell.swift in Sources */ = {isa = PBXBuildFile; fileRef = AAA96A9B272C036C00560E92 /* CityStatisticsCell.swift */; };
		AAA96A9E272C037D00560E92 /* WorldStatisticsCell.swift in Sources */ = {isa = PBXBuildFile; fileRef = AAA96A9D272C037D00560E92 /* WorldStatisticsCell.swift */; };
		AAA96AA0272C03A100560E92 /* RestWorldStatisticsCell.swift in Sources */ = {isa = PBXBuildFile; fileRef = AAA96A9F272C03A100560E92 /* RestWorldStatisticsCell.swift */; };
		ECC7A467957C05239A852EF3 /* Pods_CovidTracker.framework in Frameworks */ = {isa = PBXBuildFile; fileRef = 17B5EC3C8653742E0129C9BF /* Pods_CovidTracker.framework */; };
/* End PBXBuildFile section */

/* Begin PBXFileReference section */
		17B5EC3C8653742E0129C9BF /* Pods_CovidTracker.framework */ = {isa = PBXFileReference; explicitFileType = wrapper.framework; includeInIndex = 0; path = Pods_CovidTracker.framework; sourceTree = BUILT_PRODUCTS_DIR; };
		24A5D5E3E5F5A6038035E8D4 /* Pods-CovidTracker.debug.xcconfig */ = {isa = PBXFileReference; includeInIndex = 1; lastKnownFileType = text.xcconfig; name = "Pods-CovidTracker.debug.xcconfig"; path = "Target Support Files/Pods-CovidTracker/Pods-CovidTracker.debug.xcconfig"; sourceTree = "<group>"; };
		8D06A8E1F6CA579D434D9D00 /* Pods-CovidTracker.release.xcconfig */ = {isa = PBXFileReference; includeInIndex = 1; lastKnownFileType = text.xcconfig; name = "Pods-CovidTracker.release.xcconfig"; path = "Target Support Files/Pods-CovidTracker/Pods-CovidTracker.release.xcconfig"; sourceTree = "<group>"; };
		AA32B069274ABC9A00824B55 /* StatisticsAPI.swift */ = {isa = PBXFileReference; lastKnownFileType = sourcecode.swift; path = StatisticsAPI.swift; sourceTree = "<group>"; };
		AA32B06B274ABD6600824B55 /* API.swift */ = {isa = PBXFileReference; lastKnownFileType = sourcecode.swift; path = API.swift; sourceTree = "<group>"; };
		AA35633D272DA431006DDA53 /* ProgressView.swift */ = {isa = PBXFileReference; lastKnownFileType = sourcecode.swift; path = ProgressView.swift; sourceTree = "<group>"; };
		AA356340272DB04D006DDA53 /* Formatter+Spacer.swift */ = {isa = PBXFileReference; lastKnownFileType = sourcecode.swift; path = "Formatter+Spacer.swift"; sourceTree = "<group>"; };
		AA356342272DB05E006DDA53 /* Numeric+Spacer.swift */ = {isa = PBXFileReference; lastKnownFileType = sourcecode.swift; path = "Numeric+Spacer.swift"; sourceTree = "<group>"; };
		AA356345272DE521006DDA53 /* ShareButton.swift */ = {isa = PBXFileReference; lastKnownFileType = sourcecode.swift; path = ShareButton.swift; sourceTree = "<group>"; };
		AA356347272DE535006DDA53 /* DetailsButton.swift */ = {isa = PBXFileReference; lastKnownFileType = sourcecode.swift; path = DetailsButton.swift; sourceTree = "<group>"; };
		AA356349272EDB6F006DDA53 /* CountryButton.swift */ = {isa = PBXFileReference; lastKnownFileType = sourcecode.swift; path = CountryButton.swift; sourceTree = "<group>"; };
		AA35634B272EFA41006DDA53 /* CityButton.swift */ = {isa = PBXFileReference; lastKnownFileType = sourcecode.swift; path = CityButton.swift; sourceTree = "<group>"; };
		AAA96A5527249D6600560E92 /* CovidTracker.app */ = {isa = PBXFileReference; explicitFileType = wrapper.application; includeInIndex = 0; path = CovidTracker.app; sourceTree = BUILT_PRODUCTS_DIR; };
		AAA96A5827249D6600560E92 /* AppDelegate.swift */ = {isa = PBXFileReference; lastKnownFileType = sourcecode.swift; path = AppDelegate.swift; sourceTree = "<group>"; };
		AAA96A6127249D6E00560E92 /* Assets.xcassets */ = {isa = PBXFileReference; lastKnownFileType = folder.assetcatalog; path = Assets.xcassets; sourceTree = "<group>"; };
		AAA96A6627249D6E00560E92 /* Info.plist */ = {isa = PBXFileReference; lastKnownFileType = text.plist.xml; path = Info.plist; sourceTree = "<group>"; };
		AAA96A6E2724A0C900560E92 /* AppCoordinator.swift */ = {isa = PBXFileReference; lastKnownFileType = sourcecode.swift; path = AppCoordinator.swift; sourceTree = "<group>"; };
		AAA96A7A2725C0B200560E92 /* MainPageVC.swift */ = {isa = PBXFileReference; lastKnownFileType = sourcecode.swift; path = MainPageVC.swift; sourceTree = "<group>"; };
		AAA96A822725EFA500560E92 /* Coordinator.swift */ = {isa = PBXFileReference; lastKnownFileType = sourcecode.swift; path = Coordinator.swift; sourceTree = "<group>"; };
		AAA96A842725F0D400560E92 /* ScreenIdentifier.swift */ = {isa = PBXFileReference; lastKnownFileType = sourcecode.swift; path = ScreenIdentifier.swift; sourceTree = "<group>"; };
		AAA96A862725F4CB00560E92 /* TabsCoordinator.swift */ = {isa = PBXFileReference; lastKnownFileType = sourcecode.swift; path = TabsCoordinator.swift; sourceTree = "<group>"; };
		AAA96A892725F9D900560E92 /* RouterProtocol.swift */ = {isa = PBXFileReference; lastKnownFileType = sourcecode.swift; path = RouterProtocol.swift; sourceTree = "<group>"; };
		AAA96A8B2725FA5800560E92 /* PresentableProtocol.swift */ = {isa = PBXFileReference; lastKnownFileType = sourcecode.swift; path = PresentableProtocol.swift; sourceTree = "<group>"; };
		AAA96A8D2725FAF200560E92 /* TabsRouter.swift */ = {isa = PBXFileReference; lastKnownFileType = sourcecode.swift; path = TabsRouter.swift; sourceTree = "<group>"; };
		AAA96A912725FE9000560E92 /* DefaultRouter.swift */ = {isa = PBXFileReference; lastKnownFileType = sourcecode.swift; path = DefaultRouter.swift; sourceTree = "<group>"; };
		AAA96A97272BF84500560E92 /* MainPageViewModel.swift */ = {isa = PBXFileReference; lastKnownFileType = sourcecode.swift; path = MainPageViewModel.swift; sourceTree = "<group>"; };
		AAA96A99272C034E00560E92 /* CountryStatisticsCell.swift */ = {isa = PBXFileReference; lastKnownFileType = sourcecode.swift; path = CountryStatisticsCell.swift; sourceTree = "<group>"; };
		AAA96A9B272C036C00560E92 /* CityStatisticsCell.swift */ = {isa = PBXFileReference; lastKnownFileType = sourcecode.swift; path = CityStatisticsCell.swift; sourceTree = "<group>"; };
		AAA96A9D272C037D00560E92 /* WorldStatisticsCell.swift */ = {isa = PBXFileReference; lastKnownFileType = sourcecode.swift; path = WorldStatisticsCell.swift; sourceTree = "<group>"; };
		AAA96A9F272C03A100560E92 /* RestWorldStatisticsCell.swift */ = {isa = PBXFileReference; lastKnownFileType = sourcecode.swift; path = RestWorldStatisticsCell.swift; sourceTree = "<group>"; };
/* End PBXFileReference section */

/* Begin PBXFrameworksBuildPhase section */
		AAA96A5227249D6600560E92 /* Frameworks */ = {
			isa = PBXFrameworksBuildPhase;
			buildActionMask = 2147483647;
			files = (
				ECC7A467957C05239A852EF3 /* Pods_CovidTracker.framework in Frameworks */,
			);
			runOnlyForDeploymentPostprocessing = 0;
		};
/* End PBXFrameworksBuildPhase section */

/* Begin PBXGroup section */
		80118F91782918C2EC50E180 /* Pods */ = {
			isa = PBXGroup;
			children = (
				24A5D5E3E5F5A6038035E8D4 /* Pods-CovidTracker.debug.xcconfig */,
				8D06A8E1F6CA579D434D9D00 /* Pods-CovidTracker.release.xcconfig */,
			);
			path = Pods;
			sourceTree = "<group>";
		};
		AA32B059274A9B3300824B55 /* Networking */ = {
			isa = PBXGroup;
			children = (
				AA32B068274ABC7E00824B55 /* Services */,
				AA32B06B274ABD6600824B55 /* API.swift */,
			);
			path = Networking;
			sourceTree = "<group>";
		};
		AA32B068274ABC7E00824B55 /* Services */ = {
			isa = PBXGroup;
			children = (
				AA32B069274ABC9A00824B55 /* StatisticsAPI.swift */,
			);
			path = Services;
			sourceTree = "<group>";
		};
		AA35633F272DB004006DDA53 /* Helpers */ = {
			isa = PBXGroup;
			children = (
				AA356340272DB04D006DDA53 /* Formatter+Spacer.swift */,
				AA356342272DB05E006DDA53 /* Numeric+Spacer.swift */,
			);
			path = Helpers;
			sourceTree = "<group>";
		};
		AA356344272DE509006DDA53 /* Views */ = {
			isa = PBXGroup;
			children = (
				AA35633D272DA431006DDA53 /* ProgressView.swift */,
				AA356345272DE521006DDA53 /* ShareButton.swift */,
				AA356349272EDB6F006DDA53 /* CountryButton.swift */,
				AA35634B272EFA41006DDA53 /* CityButton.swift */,
				AA356347272DE535006DDA53 /* DetailsButton.swift */,
			);
			path = Views;
			sourceTree = "<group>";
		};
		AAA96A4C27249D6600560E92 = {
			isa = PBXGroup;
			children = (
				AAA96A5727249D6600560E92 /* CovidTracker */,
				AAA96A5627249D6600560E92 /* Products */,
				80118F91782918C2EC50E180 /* Pods */,
				C5B48835BDC51D0F5579E629 /* Frameworks */,
			);
			sourceTree = "<group>";
		};
		AAA96A5627249D6600560E92 /* Products */ = {
			isa = PBXGroup;
			children = (
				AAA96A5527249D6600560E92 /* CovidTracker.app */,
			);
			name = Products;
			sourceTree = "<group>";
		};
		AAA96A5727249D6600560E92 /* CovidTracker */ = {
			isa = PBXGroup;
			children = (
				AAA96A5827249D6600560E92 /* AppDelegate.swift */,
				AAA96A862725F4CB00560E92 /* TabsCoordinator.swift */,
				AAA96A6E2724A0C900560E92 /* AppCoordinator.swift */,
				AAA96A882725F74400560E92 /* RootProtocols */,
				AAA96A902725FE7100560E92 /* Routing */,
				AA35633F272DB004006DDA53 /* Helpers */,
				AAA96A6C2724A06D00560E92 /* Flows */,
				AA32B059274A9B3300824B55 /* Networking */,
				AAA96A6127249D6E00560E92 /* Assets.xcassets */,
				AAA96A6627249D6E00560E92 /* Info.plist */,
			);
			path = CovidTracker;
			sourceTree = "<group>";
		};
		AAA96A6C2724A06D00560E92 /* Flows */ = {
			isa = PBXGroup;
			children = (
				AAA96A6D2724A0B500560E92 /* MainFlow */,
			);
			path = Flows;
			sourceTree = "<group>";
		};
		AAA96A6D2724A0B500560E92 /* MainFlow */ = {
			isa = PBXGroup;
			children = (
				AAA96A842725F0D400560E92 /* ScreenIdentifier.swift */,
				AAA96A7A2725C0B200560E92 /* MainPageVC.swift */,
				AA356344272DE509006DDA53 /* Views */,
				AAA96AA1272C03A500560E92 /* Cells */,
				AAA96A97272BF84500560E92 /* MainPageViewModel.swift */,
			);
			path = MainFlow;
			sourceTree = "<group>";
		};
		AAA96A882725F74400560E92 /* RootProtocols */ = {
			isa = PBXGroup;
			children = (
				AAA96A892725F9D900560E92 /* RouterProtocol.swift */,
				AAA96A8B2725FA5800560E92 /* PresentableProtocol.swift */,
			);
			path = RootProtocols;
			sourceTree = "<group>";
		};
		AAA96A902725FE7100560E92 /* Routing */ = {
			isa = PBXGroup;
			children = (
				AAA96A822725EFA500560E92 /* Coordinator.swift */,
				AAA96A912725FE9000560E92 /* DefaultRouter.swift */,
				AAA96A8D2725FAF200560E92 /* TabsRouter.swift */,
			);
			path = Routing;
			sourceTree = "<group>";
		};
		AAA96AA1272C03A500560E92 /* Cells */ = {
			isa = PBXGroup;
			children = (
				AAA96A99272C034E00560E92 /* CountryStatisticsCell.swift */,
				AAA96A9B272C036C00560E92 /* CityStatisticsCell.swift */,
				AAA96A9D272C037D00560E92 /* WorldStatisticsCell.swift */,
				AAA96A9F272C03A100560E92 /* RestWorldStatisticsCell.swift */,
			);
			path = Cells;
			sourceTree = "<group>";
		};
		C5B48835BDC51D0F5579E629 /* Frameworks */ = {
			isa = PBXGroup;
			children = (
				17B5EC3C8653742E0129C9BF /* Pods_CovidTracker.framework */,
			);
			name = Frameworks;
			sourceTree = "<group>";
		};
/* End PBXGroup section */

/* Begin PBXNativeTarget section */
		AAA96A5427249D6600560E92 /* CovidTracker */ = {
			isa = PBXNativeTarget;
			buildConfigurationList = AAA96A6927249D6E00560E92 /* Build configuration list for PBXNativeTarget "CovidTracker" */;
			buildPhases = (
				84C30D60C45EF143B23D8962 /* [CP] Check Pods Manifest.lock */,
				AAA96A5127249D6600560E92 /* Sources */,
				AAA96A5227249D6600560E92 /* Frameworks */,
				AAA96A5327249D6600560E92 /* Resources */,
				CE4861F5421080C384CA5014 /* [CP] Embed Pods Frameworks */,
			);
			buildRules = (
			);
			dependencies = (
			);
			name = CovidTracker;
			productName = CovidTracker;
			productReference = AAA96A5527249D6600560E92 /* CovidTracker.app */;
			productType = "com.apple.product-type.application";
		};
/* End PBXNativeTarget section */

/* Begin PBXProject section */
		AAA96A4D27249D6600560E92 /* Project object */ = {
			isa = PBXProject;
			attributes = {
				BuildIndependentTargetsInParallel = 1;
				LastSwiftUpdateCheck = 1300;
				LastUpgradeCheck = 1300;
				TargetAttributes = {
					AAA96A5427249D6600560E92 = {
						CreatedOnToolsVersion = 13.0;
					};
				};
			};
			buildConfigurationList = AAA96A5027249D6600560E92 /* Build configuration list for PBXProject "CovidTracker" */;
			compatibilityVersion = "Xcode 13.0";
			developmentRegion = en;
			hasScannedForEncodings = 0;
			knownRegions = (
				en,
				Base,
			);
			mainGroup = AAA96A4C27249D6600560E92;
			productRefGroup = AAA96A5627249D6600560E92 /* Products */;
			projectDirPath = "";
			projectRoot = "";
			targets = (
				AAA96A5427249D6600560E92 /* CovidTracker */,
			);
		};
/* End PBXProject section */

/* Begin PBXResourcesBuildPhase section */
		AAA96A5327249D6600560E92 /* Resources */ = {
			isa = PBXResourcesBuildPhase;
			buildActionMask = 2147483647;
			files = (
				AAA96A6227249D6E00560E92 /* Assets.xcassets in Resources */,
			);
			runOnlyForDeploymentPostprocessing = 0;
		};
/* End PBXResourcesBuildPhase section */

/* Begin PBXShellScriptBuildPhase section */
		84C30D60C45EF143B23D8962 /* [CP] Check Pods Manifest.lock */ = {
			isa = PBXShellScriptBuildPhase;
			buildActionMask = 2147483647;
			files = (
			);
			inputFileListPaths = (
			);
			inputPaths = (
				"${PODS_PODFILE_DIR_PATH}/Podfile.lock",
				"${PODS_ROOT}/Manifest.lock",
			);
			name = "[CP] Check Pods Manifest.lock";
			outputFileListPaths = (
			);
			outputPaths = (
				"$(DERIVED_FILE_DIR)/Pods-CovidTracker-checkManifestLockResult.txt",
			);
			runOnlyForDeploymentPostprocessing = 0;
			shellPath = /bin/sh;
			shellScript = "diff \"${PODS_PODFILE_DIR_PATH}/Podfile.lock\" \"${PODS_ROOT}/Manifest.lock\" > /dev/null\nif [ $? != 0 ] ; then\n    # print error to STDERR\n    echo \"error: The sandbox is not in sync with the Podfile.lock. Run 'pod install' or update your CocoaPods installation.\" >&2\n    exit 1\nfi\n# This output is used by Xcode 'outputs' to avoid re-running this script phase.\necho \"SUCCESS\" > \"${SCRIPT_OUTPUT_FILE_0}\"\n";
			showEnvVarsInLog = 0;
		};
		CE4861F5421080C384CA5014 /* [CP] Embed Pods Frameworks */ = {
			isa = PBXShellScriptBuildPhase;
			buildActionMask = 2147483647;
			files = (
			);
			inputFileListPaths = (
				"${PODS_ROOT}/Target Support Files/Pods-CovidTracker/Pods-CovidTracker-frameworks-${CONFIGURATION}-input-files.xcfilelist",
			);
			name = "[CP] Embed Pods Frameworks";
			outputFileListPaths = (
				"${PODS_ROOT}/Target Support Files/Pods-CovidTracker/Pods-CovidTracker-frameworks-${CONFIGURATION}-output-files.xcfilelist",
			);
			runOnlyForDeploymentPostprocessing = 0;
			shellPath = /bin/sh;
			shellScript = "\"${PODS_ROOT}/Target Support Files/Pods-CovidTracker/Pods-CovidTracker-frameworks.sh\"\n";
			showEnvVarsInLog = 0;
		};
/* End PBXShellScriptBuildPhase section */

/* Begin PBXSourcesBuildPhase section */
		AAA96A5127249D6600560E92 /* Sources */ = {
			isa = PBXSourcesBuildPhase;
			buildActionMask = 2147483647;
			files = (
				AAA96AA0272C03A100560E92 /* RestWorldStatisticsCell.swift in Sources */,
				AA356348272DE535006DDA53 /* DetailsButton.swift in Sources */,
				AA356343272DB05E006DDA53 /* Numeric+Spacer.swift in Sources */,
				AAA96A872725F4CB00560E92 /* TabsCoordinator.swift in Sources */,
				AAA96A8E2725FAF200560E92 /* TabsRouter.swift in Sources */,
				AAA96A922725FE9000560E92 /* DefaultRouter.swift in Sources */,
				AAA96A8A2725F9D900560E92 /* RouterProtocol.swift in Sources */,
				AA32B06A274ABC9A00824B55 /* StatisticsAPI.swift in Sources */,
				AA356341272DB04D006DDA53 /* Formatter+Spacer.swift in Sources */,
				AA35634A272EDB6F006DDA53 /* CountryButton.swift in Sources */,
				AAA96A9C272C036C00560E92 /* CityStatisticsCell.swift in Sources */,
				AAA96A832725EFA500560E92 /* Coordinator.swift in Sources */,
				AAA96A9A272C034F00560E92 /* CountryStatisticsCell.swift in Sources */,
				AAA96A98272BF84500560E92 /* MainPageViewModel.swift in Sources */,
				AAA96A8C2725FA5800560E92 /* PresentableProtocol.swift in Sources */,
				AAA96A7B2725C0B200560E92 /* MainPageVC.swift in Sources */,
				AAA96A6F2724A0C900560E92 /* AppCoordinator.swift in Sources */,
				AA32B06C274ABD6600824B55 /* API.swift in Sources */,
				AA35634C272EFA41006DDA53 /* CityButton.swift in Sources */,
				AAA96A9E272C037D00560E92 /* WorldStatisticsCell.swift in Sources */,
				AA35633E272DA431006DDA53 /* ProgressView.swift in Sources */,
				AAA96A852725F0D400560E92 /* ScreenIdentifier.swift in Sources */,
				AAA96A5927249D6600560E92 /* AppDelegate.swift in Sources */,
				AA356346272DE521006DDA53 /* ShareButton.swift in Sources */,
			);
			runOnlyForDeploymentPostprocessing = 0;
		};
/* End PBXSourcesBuildPhase section */

/* Begin XCBuildConfiguration section */
		AAA96A6727249D6E00560E92 /* Debug */ = {
			isa = XCBuildConfiguration;
			buildSettings = {
				ALWAYS_SEARCH_USER_PATHS = NO;
				CLANG_ANALYZER_NONNULL = YES;
				CLANG_ANALYZER_NUMBER_OBJECT_CONVERSION = YES_AGGRESSIVE;
				CLANG_CXX_LANGUAGE_STANDARD = "gnu++17";
				CLANG_CXX_LIBRARY = "libc++";
				CLANG_ENABLE_MODULES = YES;
				CLANG_ENABLE_OBJC_ARC = YES;
				CLANG_ENABLE_OBJC_WEAK = YES;
				CLANG_WARN_BLOCK_CAPTURE_AUTORELEASING = YES;
				CLANG_WARN_BOOL_CONVERSION = YES;
				CLANG_WARN_COMMA = YES;
				CLANG_WARN_CONSTANT_CONVERSION = YES;
				CLANG_WARN_DEPRECATED_OBJC_IMPLEMENTATIONS = YES;
				CLANG_WARN_DIRECT_OBJC_ISA_USAGE = YES_ERROR;
				CLANG_WARN_DOCUMENTATION_COMMENTS = YES;
				CLANG_WARN_EMPTY_BODY = YES;
				CLANG_WARN_ENUM_CONVERSION = YES;
				CLANG_WARN_INFINITE_RECURSION = YES;
				CLANG_WARN_INT_CONVERSION = YES;
				CLANG_WARN_NON_LITERAL_NULL_CONVERSION = YES;
				CLANG_WARN_OBJC_IMPLICIT_RETAIN_SELF = YES;
				CLANG_WARN_OBJC_LITERAL_CONVERSION = YES;
				CLANG_WARN_OBJC_ROOT_CLASS = YES_ERROR;
				CLANG_WARN_QUOTED_INCLUDE_IN_FRAMEWORK_HEADER = YES;
				CLANG_WARN_RANGE_LOOP_ANALYSIS = YES;
				CLANG_WARN_STRICT_PROTOTYPES = YES;
				CLANG_WARN_SUSPICIOUS_MOVE = YES;
				CLANG_WARN_UNGUARDED_AVAILABILITY = YES_AGGRESSIVE;
				CLANG_WARN_UNREACHABLE_CODE = YES;
				CLANG_WARN__DUPLICATE_METHOD_MATCH = YES;
				COPY_PHASE_STRIP = NO;
				DEBUG_INFORMATION_FORMAT = dwarf;
				ENABLE_STRICT_OBJC_MSGSEND = YES;
				ENABLE_TESTABILITY = YES;
				GCC_C_LANGUAGE_STANDARD = gnu11;
				GCC_DYNAMIC_NO_PIC = NO;
				GCC_NO_COMMON_BLOCKS = YES;
				GCC_OPTIMIZATION_LEVEL = 0;
				GCC_PREPROCESSOR_DEFINITIONS = (
					"DEBUG=1",
					"$(inherited)",
				);
				GCC_WARN_64_TO_32_BIT_CONVERSION = YES;
				GCC_WARN_ABOUT_RETURN_TYPE = YES_ERROR;
				GCC_WARN_UNDECLARED_SELECTOR = YES;
				GCC_WARN_UNINITIALIZED_AUTOS = YES_AGGRESSIVE;
				GCC_WARN_UNUSED_FUNCTION = YES;
				GCC_WARN_UNUSED_VARIABLE = YES;
				IPHONEOS_DEPLOYMENT_TARGET = 15.0;
				MTL_ENABLE_DEBUG_INFO = INCLUDE_SOURCE;
				MTL_FAST_MATH = YES;
				ONLY_ACTIVE_ARCH = YES;
				SDKROOT = iphoneos;
				SWIFT_ACTIVE_COMPILATION_CONDITIONS = DEBUG;
				SWIFT_OPTIMIZATION_LEVEL = "-Onone";
			};
			name = Debug;
		};
		AAA96A6827249D6E00560E92 /* Release */ = {
			isa = XCBuildConfiguration;
			buildSettings = {
				ALWAYS_SEARCH_USER_PATHS = NO;
				CLANG_ANALYZER_NONNULL = YES;
				CLANG_ANALYZER_NUMBER_OBJECT_CONVERSION = YES_AGGRESSIVE;
				CLANG_CXX_LANGUAGE_STANDARD = "gnu++17";
				CLANG_CXX_LIBRARY = "libc++";
				CLANG_ENABLE_MODULES = YES;
				CLANG_ENABLE_OBJC_ARC = YES;
				CLANG_ENABLE_OBJC_WEAK = YES;
				CLANG_WARN_BLOCK_CAPTURE_AUTORELEASING = YES;
				CLANG_WARN_BOOL_CONVERSION = YES;
				CLANG_WARN_COMMA = YES;
				CLANG_WARN_CONSTANT_CONVERSION = YES;
				CLANG_WARN_DEPRECATED_OBJC_IMPLEMENTATIONS = YES;
				CLANG_WARN_DIRECT_OBJC_ISA_USAGE = YES_ERROR;
				CLANG_WARN_DOCUMENTATION_COMMENTS = YES;
				CLANG_WARN_EMPTY_BODY = YES;
				CLANG_WARN_ENUM_CONVERSION = YES;
				CLANG_WARN_INFINITE_RECURSION = YES;
				CLANG_WARN_INT_CONVERSION = YES;
				CLANG_WARN_NON_LITERAL_NULL_CONVERSION = YES;
				CLANG_WARN_OBJC_IMPLICIT_RETAIN_SELF = YES;
				CLANG_WARN_OBJC_LITERAL_CONVERSION = YES;
				CLANG_WARN_OBJC_ROOT_CLASS = YES_ERROR;
				CLANG_WARN_QUOTED_INCLUDE_IN_FRAMEWORK_HEADER = YES;
				CLANG_WARN_RANGE_LOOP_ANALYSIS = YES;
				CLANG_WARN_STRICT_PROTOTYPES = YES;
				CLANG_WARN_SUSPICIOUS_MOVE = YES;
				CLANG_WARN_UNGUARDED_AVAILABILITY = YES_AGGRESSIVE;
				CLANG_WARN_UNREACHABLE_CODE = YES;
				CLANG_WARN__DUPLICATE_METHOD_MATCH = YES;
				COPY_PHASE_STRIP = NO;
				DEBUG_INFORMATION_FORMAT = "dwarf-with-dsym";
				ENABLE_NS_ASSERTIONS = NO;
				ENABLE_STRICT_OBJC_MSGSEND = YES;
				GCC_C_LANGUAGE_STANDARD = gnu11;
				GCC_NO_COMMON_BLOCKS = YES;
				GCC_WARN_64_TO_32_BIT_CONVERSION = YES;
				GCC_WARN_ABOUT_RETURN_TYPE = YES_ERROR;
				GCC_WARN_UNDECLARED_SELECTOR = YES;
				GCC_WARN_UNINITIALIZED_AUTOS = YES_AGGRESSIVE;
				GCC_WARN_UNUSED_FUNCTION = YES;
				GCC_WARN_UNUSED_VARIABLE = YES;
				IPHONEOS_DEPLOYMENT_TARGET = 15.0;
				MTL_ENABLE_DEBUG_INFO = NO;
				MTL_FAST_MATH = YES;
				SDKROOT = iphoneos;
				SWIFT_COMPILATION_MODE = wholemodule;
				SWIFT_OPTIMIZATION_LEVEL = "-O";
				VALIDATE_PRODUCT = YES;
			};
			name = Release;
		};
		AAA96A6A27249D6E00560E92 /* Debug */ = {
			isa = XCBuildConfiguration;
			baseConfigurationReference = 24A5D5E3E5F5A6038035E8D4 /* Pods-CovidTracker.debug.xcconfig */;
			buildSettings = {
				ASSETCATALOG_COMPILER_APPICON_NAME = AppIcon;
				ASSETCATALOG_COMPILER_GLOBAL_ACCENT_COLOR_NAME = AccentColor;
				CODE_SIGN_STYLE = Automatic;
				CURRENT_PROJECT_VERSION = 1;
				DEVELOPMENT_TEAM = YDJFMC7LFN;
				GENERATE_INFOPLIST_FILE = YES;
				INFOPLIST_FILE = CovidTracker/Info.plist;
				INFOPLIST_KEY_UIApplicationSupportsIndirectInputEvents = YES;
				INFOPLIST_KEY_UILaunchStoryboardName = LaunchScreen;
				INFOPLIST_KEY_UISupportedInterfaceOrientations_iPad = "UIInterfaceOrientationPortrait UIInterfaceOrientationPortraitUpsideDown UIInterfaceOrientationLandscapeLeft UIInterfaceOrientationLandscapeRight";
				INFOPLIST_KEY_UISupportedInterfaceOrientations_iPhone = "UIInterfaceOrientationPortrait UIInterfaceOrientationLandscapeLeft UIInterfaceOrientationLandscapeRight";
				LD_RUNPATH_SEARCH_PATHS = (
					"$(inherited)",
					"@executable_path/Frameworks",
				);
				MARKETING_VERSION = 1.0;
				PRODUCT_BUNDLE_IDENTIFIER = CovidTracker;
				PRODUCT_NAME = "$(TARGET_NAME)";
				SWIFT_EMIT_LOC_STRINGS = YES;
				SWIFT_VERSION = 5.0;
				TARGETED_DEVICE_FAMILY = "1,2";
			};
			name = Debug;
		};
		AAA96A6B27249D6E00560E92 /* Release */ = {
			isa = XCBuildConfiguration;
			baseConfigurationReference = 8D06A8E1F6CA579D434D9D00 /* Pods-CovidTracker.release.xcconfig */;
			buildSettings = {
				ASSETCATALOG_COMPILER_APPICON_NAME = AppIcon;
				ASSETCATALOG_COMPILER_GLOBAL_ACCENT_COLOR_NAME = AccentColor;
				CODE_SIGN_STYLE = Automatic;
				CURRENT_PROJECT_VERSION = 1;
				DEVELOPMENT_TEAM = YDJFMC7LFN;
				GENERATE_INFOPLIST_FILE = YES;
				INFOPLIST_FILE = CovidTracker/Info.plist;
				INFOPLIST_KEY_UIApplicationSupportsIndirectInputEvents = YES;
				INFOPLIST_KEY_UILaunchStoryboardName = LaunchScreen;
				INFOPLIST_KEY_UISupportedInterfaceOrientations_iPad = "UIInterfaceOrientationPortrait UIInterfaceOrientationPortraitUpsideDown UIInterfaceOrientationLandscapeLeft UIInterfaceOrientationLandscapeRight";
				INFOPLIST_KEY_UISupportedInterfaceOrientations_iPhone = "UIInterfaceOrientationPortrait UIInterfaceOrientationLandscapeLeft UIInterfaceOrientationLandscapeRight";
				LD_RUNPATH_SEARCH_PATHS = (
					"$(inherited)",
					"@executable_path/Frameworks",
				);
				MARKETING_VERSION = 1.0;
				PRODUCT_BUNDLE_IDENTIFIER = CovidTracker;
				PRODUCT_NAME = "$(TARGET_NAME)";
				SWIFT_EMIT_LOC_STRINGS = YES;
				SWIFT_VERSION = 5.0;
				TARGETED_DEVICE_FAMILY = "1,2";
			};
			name = Release;
		};
/* End XCBuildConfiguration section */

/* Begin XCConfigurationList section */
		AAA96A5027249D6600560E92 /* Build configuration list for PBXProject "CovidTracker" */ = {
			isa = XCConfigurationList;
			buildConfigurations = (
				AAA96A6727249D6E00560E92 /* Debug */,
				AAA96A6827249D6E00560E92 /* Release */,
			);
			defaultConfigurationIsVisible = 0;
			defaultConfigurationName = Release;
		};
		AAA96A6927249D6E00560E92 /* Build configuration list for PBXNativeTarget "CovidTracker" */ = {
			isa = XCConfigurationList;
			buildConfigurations = (
				AAA96A6A27249D6E00560E92 /* Debug */,
				AAA96A6B27249D6E00560E92 /* Release */,
			);
			defaultConfigurationIsVisible = 0;
			defaultConfigurationName = Release;
		};
/* End XCConfigurationList section */
	};
	rootObject = AAA96A4D27249D6600560E92 /* Project object */;
}
